
Microsoft Visual Studio Solution File, Format Version 12.00
# Visual Studio Version 17
VisualStudioVersion = 17.10.35027.167
MinimumVisualStudioVersion = 10.0.40219.1
Project("{FAE04EC0-301F-11D3-BF4B-00C04F79EFBC}") = "Military", "..\Military\Military.csproj", "{D54F893C-E27E-408F-90BA-BA0F1494D871}"
EndProject
Global
	GlobalSection(SolutionConfigurationPlatforms) = preSolution
		Debug|Any CPU = Debug|Any CPU
		Release|Any CPU = Release|Any CPU
	EndGlobalSection
	GlobalSection(ProjectConfigurationPlatforms) = postSolution
		{D54F893C-E27E-408F-90BA-BA0F1494D871}.Debug|Any CPU.ActiveCfg = Debug|Any CPU
		{D54F893C-E27E-408F-90BA-BA0F1494D871}.Debug|Any CPU.Build.0 = Debug|Any CPU
		{D54F893C-E27E-408F-90BA-BA0F1494D871}.Release|Any CPU.ActiveCfg = Release|Any CPU
		{D54F893C-E27E-408F-90BA-BA0F1494D871}.Release|Any CPU.Build.0 = Release|Any CPU
	EndGlobalSection
	GlobalSection(SolutionProperties) = preSolution
		HideSolutionNode = FALSE
	EndGlobalSection
	GlobalSection(ExtensibilityGlobals) = postSolution
		SolutionGuid = {EA9872CD-7F3A-4821-B3AF-34A7B1FAE5B6}
	EndGlobalSection
EndGlobal
